
Microsoft Visual Studio Solution File, Format Version 12.00
# Visual Studio Version 17
VisualStudioVersion = 17.14.37111.16 d17.14
MinimumVisualStudioVersion = 10.0.40219.1
Project("{FAE04EC0-301F-11D3-BF4B-00C04F79EFBC}") = "PUQAMS", "PUQAMS.csproj", "{B816937F-BFDC-492B-B6BB-E83FBD44A275}"
EndProject
Global
	GlobalSection(SolutionConfigurationPlatforms) = preSolution
		Debug|Any CPU = Debug|Any CPU
		Release|Any CPU = Release|Any CPU
	EndGlobalSection
	GlobalSection(ProjectConfigurationPlatforms) = postSolution
		{B816937F-BFDC-492B-B6BB-E83FBD44A275}.Debug|Any CPU.ActiveCfg = Debug|Any CPU
		{B816937F-BFDC-492B-B6BB-E83FBD44A275}.Debug|Any CPU.Build.0 = Debug|Any CPU
		{B816937F-BFDC-492B-B6BB-E83FBD44A275}.Release|Any CPU.ActiveCfg = Release|Any CPU
		{B816937F-BFDC-492B-B6BB-E83FBD44A275}.Release|Any CPU.Build.0 = Release|Any CPU
	EndGlobalSection
	GlobalSection(SolutionProperties) = preSolution
		HideSolutionNode = FALSE
	EndGlobalSection
	GlobalSection(ExtensibilityGlobals) = postSolution
		SolutionGuid = {7689D7BC-A36D-4046-A97D-F26798663302}
	EndGlobalSection
EndGlobal
